# This file is automatically @generated by Cargo.
# It is not intended for manual editing.
version = 3

[[package]]
name = "base64"
version = "0.21.7"
source = "registry+https://github.com/rust-lang/crates.io-index"
checksum = "9d297deb1925b89f2ccc13d7635fa0714f12c87adce1c75356b39ca9b7178567"

[[package]]
name = "base64ct"
version = "1.6.0"
source = "registry+https://github.com/rust-lang/crates.io-index"
checksum = "8c3c1a368f70d6cf7302d78f8f7093da241fb8e8807c05cc9e51a125895a6d5b"

[[package]]
name = "cargo-provision"
version = "0.1.0"
dependencies = [
 "base64",
 "cms",
 "der 0.8.0-pre.0",
]

[[package]]
name = "cms"
version = "0.2.3"
source = "registry+https://github.com/rust-lang/crates.io-index"
checksum = "7b77c319abfd5219629c45c34c89ba945ed3c5e49fcde9d16b6c3885f118a730"
dependencies = [
 "const-oid 0.9.6",
 "der 0.7.8",
 "spki",
 "x509-cert",
]

[[package]]
name = "const-oid"
version = "0.9.6"
source = "registry+https://github.com/rust-lang/crates.io-index"
checksum = "c2459377285ad874054d797f3ccebf984978aa39129f6eafde5cdc8315b612f8"

[[package]]
name = "const-oid"
version = "0.10.0-pre.2"
source = "registry+https://github.com/rust-lang/crates.io-index"
checksum = "f7e3352a27098ba6b09546e5f13b15165e6a88b5c2723afecb3ea9576b27e3ea"

[[package]]
name = "der"
version = "0.7.8"
source = "registry+https://github.com/rust-lang/crates.io-index"
checksum = "fffa369a668c8af7dbf8b5e56c9f744fbd399949ed171606040001947de40b1c"
dependencies = [
 "const-oid 0.9.6",
 "der_derive 0.7.2",
 "flagset",
 "pem-rfc7468 0.7.0",
 "zeroize",
]

[[package]]
name = "der"
version = "0.8.0-pre.0"
source = "registry+https://github.com/rust-lang/crates.io-index"
checksum = "b489fd2221710c1dd46637d66b984161fb66134f81437a8489800306bcc2ecea"
dependencies = [
 "const-oid 0.10.0-pre.2",
 "der_derive 0.8.0-pre.0",
 "pem-rfc7468 1.0.0-pre.0",
 "zeroize",
]

[[package]]
name = "der_derive"
version = "0.7.2"
source = "registry+https://github.com/rust-lang/crates.io-index"
checksum = "5fe87ce4529967e0ba1dcf8450bab64d97dfd5010a6256187ffe2e43e6f0e049"
dependencies = [
 "proc-macro2",
 "quote",
 "syn",
]

[[package]]
name = "der_derive"
version = "0.8.0-pre.0"
source = "registry+https://github.com/rust-lang/crates.io-index"
checksum = "dd1ee9778ac378876dc78f546d2821fae40a1b69ec8d82f3745392d69ff89ce6"
dependencies = [
 "proc-macro2",
 "quote",
 "syn",
]

[[package]]
name = "flagset"
version = "0.4.4"
source = "registry+https://github.com/rust-lang/crates.io-index"
checksum = "d52a7e408202050813e6f1d9addadcaafef3dca7530c7ddfb005d4081cce6779"

[[package]]
name = "pem-rfc7468"
version = "0.7.0"
source = "registry+https://github.com/rust-lang/crates.io-index"
checksum = "88b39c9bfcfc231068454382784bb460aae594343fb030d46e9f50a645418412"
dependencies = [
 "base64ct",
]

[[package]]
name = "pem-rfc7468"
version = "1.0.0-pre.0"
source = "registry+https://github.com/rust-lang/crates.io-index"
checksum = "76a65e1c27d1680f8805b3f8c9949f08d6aa5d6cbd088c9896e64a53821dc27d"
dependencies = [
 "base64ct",
]

[[package]]
name = "proc-macro2"
version = "1.0.78"
source = "registry+https://github.com/rust-lang/crates.io-index"
checksum = "e2422ad645d89c99f8f3e6b88a9fdeca7fabeac836b1002371c4367c8f984aae"
dependencies = [
 "unicode-ident",
]

[[package]]
name = "quote"
version = "1.0.35"
source = "registry+https://github.com/rust-lang/crates.io-index"
checksum = "291ec9ab5efd934aaf503a6466c5d5251535d108ee747472c3977cc5acc868ef"
dependencies = [
 "proc-macro2",
]

[[package]]
name = "spki"
version = "0.7.3"
source = "registry+https://github.com/rust-lang/crates.io-index"
checksum = "d91ed6c858b01f942cd56b37a94b3e0a1798290327d1236e4d9cf4eaca44d29d"
dependencies = [
 "base64ct",
 "der 0.7.8",
]

[[package]]
name = "syn"
version = "2.0.48"
source = "registry+https://github.com/rust-lang/crates.io-index"
checksum = "0f3531638e407dfc0814761abb7c00a5b54992b849452a0646b7f65c9f770f3f"
dependencies = [
 "proc-macro2",
 "quote",
 "unicode-ident",
]

[[package]]
name = "unicode-ident"
version = "1.0.12"
source = "registry+https://github.com/rust-lang/crates.io-index"
checksum = "3354b9ac3fae1ff6755cb6db53683adb661634f67557942dea4facebec0fee4b"

[[package]]
name = "x509-cert"
version = "0.2.5"
source = "registry+https://github.com/rust-lang/crates.io-index"
checksum = "1301e935010a701ae5f8655edc0ad17c44bad3ac5ce8c39185f75453b720ae94"
dependencies = [
 "const-oid 0.9.6",
 "der 0.7.8",
 "spki",
]

[[package]]
name = "zeroize"
version = "1.7.0"
source = "registry+https://github.com/rust-lang/crates.io-index"
checksum = "525b4ec142c6b68a2d10f01f7bbf6755599ca3f81ea53b8431b7dd348f5fdb2d"
